// !$*UTF8*$!
{
	archiveVersion = 1;
	classes = {
	};
	objectVersion = 45;
	objects = {

/* Begin PBXBuildFile section */
		000E973E0FFA6DF30032029D /* SerialExample.m in Sources */ = {isa = PBXBuildFile; fileRef = 000E973D0FFA6DF30032029D /* SerialExample.m */; };
		000E97F60FFA705D0032029D /* IOKit.framework in Frameworks */ = {isa = PBXBuildFile; fileRef = 000E97F50FFA705D0032029D /* IOKit.framework */; };
		1DDD58160DA1D0A300B32029 /* MainMenu.xib in Resources */ = {isa = PBXBuildFile; fileRef = 1DDD58140DA1D0A300B32029 /* MainMenu.xib */; };
		8D11072B0486CEB800E47090 /* InfoPlist.strings in Resources */ = {isa = PBXBuildFile; fileRef = 089C165CFE840E0CC02AAC07 /* InfoPlist.strings */; };
		8D11072D0486CEB800E47090 /* main.m in Sources */ = {isa = PBXBuildFile; fileRef = 29B97316FDCFA39411CA2CEA /* main.m */; settings = {ATTRIBUTES = (); }; };
		8D11072F0486CEB800E47090 /* Cocoa.framework in Frameworks */ = {isa = PBXBuildFile; fileRef = 1058C7A1FEA54F0111CA2CBB /* Cocoa.framework */; };
		AD17E4451530BE8D002A5ADC /* xbee.c in Sources */ = {isa = PBXBuildFile; fileRef = AD17E4441530BE8D002A5ADC /* xbee.c */; };
		AD17E44E1530F8A6002A5ADC /* SenTestingKit.framework in Frameworks */ = {isa = PBXBuildFile; fileRef = AD17E44D1530F8A6002A5ADC /* SenTestingKit.framework */; };
		AD17E4501530F8A6002A5ADC /* Cocoa.framework in Frameworks */ = {isa = PBXBuildFile; fileRef = AD17E44F1530F8A6002A5ADC /* Cocoa.framework */; };
		AD17E4561530F8A6002A5ADC /* InfoPlist.strings in Resources */ = {isa = PBXBuildFile; fileRef = AD17E4541530F8A6002A5ADC /* InfoPlist.strings */; };
		AD17E4591530F8A6002A5ADC /* XBeeTest.m in Sources */ = {isa = PBXBuildFile; fileRef = AD17E4581530F8A6002A5ADC /* XBeeTest.m */; };
		AD17E45E1530FA56002A5ADC /* xbee.c in Sources */ = {isa = PBXBuildFile; fileRef = AD17E4441530BE8D002A5ADC /* xbee.c */; };
		ADEE6343154D243200DCDBFF /* USBSerialDevice.m in Sources */ = {isa = PBXBuildFile; fileRef = ADEE633A154D243200DCDBFF /* USBSerialDevice.m */; };
		ADEE6345154D243200DCDBFF /* USBSerialDeviceManager.m in Sources */ = {isa = PBXBuildFile; fileRef = ADEE633C154D243200DCDBFF /* USBSerialDeviceManager.m */; };
		ADEE6347154D243200DCDBFF /* XBeeManager.m in Sources */ = {isa = PBXBuildFile; fileRef = ADEE633E154D243200DCDBFF /* XBeeManager.m */; };
		ADEE6349154D243200DCDBFF /* XBee.m in Sources */ = {isa = PBXBuildFile; fileRef = ADEE6340154D243200DCDBFF /* XBee.m */; };
		ADEE634B154D243200DCDBFF /* USBDevice.m in Sources */ = {isa = PBXBuildFile; fileRef = ADEE6342154D243200DCDBFF /* USBDevice.m */; };
		ADEE634F154D2AC200DCDBFF /* xbee_utils.c in Sources */ = {isa = PBXBuildFile; fileRef = ADEE634D154D2AC000DCDBFF /* xbee_utils.c */; };
		ADEE6352154D572F00DCDBFF /* HexTransformer.m in Sources */ = {isa = PBXBuildFile; fileRef = ADEE6351154D572F00DCDBFF /* HexTransformer.m */; };
		ADEE6355154D5AE700DCDBFF /* HexTransformer16.m in Sources */ = {isa = PBXBuildFile; fileRef = ADEE6354154D5AE700DCDBFF /* HexTransformer16.m */; };
		ADEE6358154D5B1100DCDBFF /* HexTransformer64.m in Sources */ = {isa = PBXBuildFile; fileRef = ADEE6357154D5B1000DCDBFF /* HexTransformer64.m */; };
		ADEE635B154D5B3000DCDBFF /* HexTransformer32.m in Sources */ = {isa = PBXBuildFile; fileRef = ADEE635A154D5B2F00DCDBFF /* HexTransformer32.m */; };
/* End PBXBuildFile section */

/* Begin PBXFileReference section */
		000E973C0FFA6DF30032029D /* SerialExample.h */ = {isa = PBXFileReference; fileEncoding = 4; lastKnownFileType = sourcecode.c.h; path = SerialExample.h; sourceTree = "<group>"; };
		000E973D0FFA6DF30032029D /* SerialExample.m */ = {isa = PBXFileReference; fileEncoding = 4; lastKnownFileType = sourcecode.c.objc; path = SerialExample.m; sourceTree = "<group>"; };
		000E97F50FFA705D0032029D /* IOKit.framework */ = {isa = PBXFileReference; lastKnownFileType = wrapper.framework; name = IOKit.framework; path = /System/Library/Frameworks/IOKit.framework; sourceTree = "<absolute>"; };
		089C165DFE840E0CC02AAC07 /* English */ = {isa = PBXFileReference; fileEncoding = 10; lastKnownFileType = text.plist.strings; name = English; path = English.lproj/InfoPlist.strings; sourceTree = "<group>"; };
		1058C7A1FEA54F0111CA2CBB /* Cocoa.framework */ = {isa = PBXFileReference; lastKnownFileType = wrapper.framework; name = Cocoa.framework; path = /System/Library/Frameworks/Cocoa.framework; sourceTree = "<absolute>"; };
		13E42FB307B3F0F600E4EEF1 /* CoreData.framework */ = {isa = PBXFileReference; lastKnownFileType = wrapper.framework; name = CoreData.framework; path = /System/Library/Frameworks/CoreData.framework; sourceTree = "<absolute>"; };
		1DDD58150DA1D0A300B32029 /* English */ = {isa = PBXFileReference; lastKnownFileType = file.xib; name = English; path = English.lproj/MainMenu.xib; sourceTree = "<group>"; };
		29B97316FDCFA39411CA2CEA /* main.m */ = {isa = PBXFileReference; fileEncoding = 4; lastKnownFileType = sourcecode.c.objc; path = main.m; sourceTree = "<group>"; };
		29B97324FDCFA39411CA2CEA /* AppKit.framework */ = {isa = PBXFileReference; lastKnownFileType = wrapper.framework; name = AppKit.framework; path = /System/Library/Frameworks/AppKit.framework; sourceTree = "<absolute>"; };
		29B97325FDCFA39411CA2CEA /* Foundation.framework */ = {isa = PBXFileReference; lastKnownFileType = wrapper.framework; name = Foundation.framework; path = /System/Library/Frameworks/Foundation.framework; sourceTree = "<absolute>"; };
		32CA4F630368D1EE00C91783 /* XBeeCommunicator_Prefix.pch */ = {isa = PBXFileReference; fileEncoding = 4; lastKnownFileType = sourcecode.c.h; path = XBeeCommunicator_Prefix.pch; sourceTree = "<group>"; };
		8D1107310486CEB800E47090 /* Info.plist */ = {isa = PBXFileReference; fileEncoding = 4; lastKnownFileType = text.plist.xml; path = Info.plist; sourceTree = "<group>"; };
		8D1107320486CEB800E47090 /* XBeeCommunicator.app */ = {isa = PBXFileReference; explicitFileType = wrapper.application; includeInIndex = 0; path = XBeeCommunicator.app; sourceTree = BUILT_PRODUCTS_DIR; };
		AD17E4441530BE8D002A5ADC /* xbee.c */ = {isa = PBXFileReference; fileEncoding = 4; lastKnownFileType = sourcecode.c.c; name = xbee.c; path = ../../lib/xbee.c; sourceTree = "<group>"; };
		AD17E4461530BE94002A5ADC /* xbee.h */ = {isa = PBXFileReference; lastKnownFileType = sourcecode.c.h; name = xbee.h; path = ../../lib/xbee.h; sourceTree = "<group>"; };
		AD17E44C1530F8A6002A5ADC /* XBeeTest.octest */ = {isa = PBXFileReference; explicitFileType = wrapper.cfbundle; includeInIndex = 0; path = XBeeTest.octest; sourceTree = BUILT_PRODUCTS_DIR; };
		AD17E44D1530F8A6002A5ADC /* SenTestingKit.framework */ = {isa = PBXFileReference; lastKnownFileType = wrapper.framework; name = SenTestingKit.framework; path = Library/Frameworks/SenTestingKit.framework; sourceTree = DEVELOPER_DIR; };
		AD17E44F1530F8A6002A5ADC /* Cocoa.framework */ = {isa = PBXFileReference; lastKnownFileType = wrapper.framework; name = Cocoa.framework; path = Library/Frameworks/Cocoa.framework; sourceTree = DEVELOPER_DIR; };
		AD17E4531530F8A6002A5ADC /* XBeeTest-Info.plist */ = {isa = PBXFileReference; lastKnownFileType = text.plist.xml; path = "XBeeTest-Info.plist"; sourceTree = "<group>"; };
		AD17E4551530F8A6002A5ADC /* en */ = {isa = PBXFileReference; lastKnownFileType = text.plist.strings; name = en; path = en.lproj/InfoPlist.strings; sourceTree = "<group>"; };
		AD17E4571530F8A6002A5ADC /* XBeeTest.h */ = {isa = PBXFileReference; lastKnownFileType = sourcecode.c.h; path = XBeeTest.h; sourceTree = "<group>"; };
		AD17E4581530F8A6002A5ADC /* XBeeTest.m */ = {isa = PBXFileReference; lastKnownFileType = sourcecode.c.objc; path = XBeeTest.m; sourceTree = "<group>"; };
		AD17E45A1530F8A6002A5ADC /* XBeeTest-Prefix.pch */ = {isa = PBXFileReference; lastKnownFileType = sourcecode.c.h; path = "XBeeTest-Prefix.pch"; sourceTree = "<group>"; };
		ADEE6339154D243200DCDBFF /* USBSerialDevice.h */ = {isa = PBXFileReference; fileEncoding = 4; lastKnownFileType = sourcecode.c.h; path = USBSerialDevice.h; sourceTree = "<group>"; };
		ADEE633A154D243200DCDBFF /* USBSerialDevice.m */ = {isa = PBXFileReference; fileEncoding = 4; lastKnownFileType = sourcecode.c.objc; path = USBSerialDevice.m; sourceTree = "<group>"; };
		ADEE633B154D243200DCDBFF /* USBSerialDeviceManager.h */ = {isa = PBXFileReference; fileEncoding = 4; lastKnownFileType = sourcecode.c.h; path = USBSerialDeviceManager.h; sourceTree = "<group>"; };
		ADEE633C154D243200DCDBFF /* USBSerialDeviceManager.m */ = {isa = PBXFileReference; fileEncoding = 4; lastKnownFileType = sourcecode.c.objc; path = USBSerialDeviceManager.m; sourceTree = "<group>"; };
		ADEE633D154D243200DCDBFF /* XBeeManager.h */ = {isa = PBXFileReference; fileEncoding = 4; lastKnownFileType = sourcecode.c.h; path = XBeeManager.h; sourceTree = "<group>"; };
		ADEE633E154D243200DCDBFF /* XBeeManager.m */ = {isa = PBXFileReference; fileEncoding = 4; lastKnownFileType = sourcecode.c.objc; path = XBeeManager.m; sourceTree = "<group>"; };
		ADEE633F154D243200DCDBFF /* XBee.h */ = {isa = PBXFileReference; fileEncoding = 4; lastKnownFileType = sourcecode.c.h; path = XBee.h; sourceTree = "<group>"; };
		ADEE6340154D243200DCDBFF /* XBee.m */ = {isa = PBXFileReference; fileEncoding = 4; lastKnownFileType = sourcecode.c.objc; path = XBee.m; sourceTree = "<group>"; };
		ADEE6341154D243200DCDBFF /* USBDevice.h */ = {isa = PBXFileReference; fileEncoding = 4; lastKnownFileType = sourcecode.c.h; path = USBDevice.h; sourceTree = "<group>"; };
		ADEE6342154D243200DCDBFF /* USBDevice.m */ = {isa = PBXFileReference; fileEncoding = 4; lastKnownFileType = sourcecode.c.objc; path = USBDevice.m; sourceTree = "<group>"; };
		ADEE634D154D2AC000DCDBFF /* xbee_utils.c */ = {isa = PBXFileReference; fileEncoding = 4; lastKnownFileType = sourcecode.c.c; name = xbee_utils.c; path = ../../lib/xbee_utils.c; sourceTree = "<group>"; };
		ADEE634E154D2AC100DCDBFF /* xbee_utils.h */ = {isa = PBXFileReference; fileEncoding = 4; lastKnownFileType = sourcecode.c.h; name = xbee_utils.h; path = ../../lib/xbee_utils.h; sourceTree = "<group>"; };
		ADEE6350154D572E00DCDBFF /* HexTransformer.h */ = {isa = PBXFileReference; fileEncoding = 4; lastKnownFileType = sourcecode.c.h; path = HexTransformer.h; sourceTree = "<group>"; };
		ADEE6351154D572F00DCDBFF /* HexTransformer.m */ = {isa = PBXFileReference; fileEncoding = 4; lastKnownFileType = sourcecode.c.objc; path = HexTransformer.m; sourceTree = "<group>"; };
		ADEE6353154D5AE600DCDBFF /* HexTransformer16.h */ = {isa = PBXFileReference; fileEncoding = 4; lastKnownFileType = sourcecode.c.h; path = HexTransformer16.h; sourceTree = "<group>"; };
		ADEE6354154D5AE700DCDBFF /* HexTransformer16.m */ = {isa = PBXFileReference; fileEncoding = 4; lastKnownFileType = sourcecode.c.objc; path = HexTransformer16.m; sourceTree = "<group>"; };
		ADEE6356154D5B1000DCDBFF /* HexTransformer64.h */ = {isa = PBXFileReference; fileEncoding = 4; lastKnownFileType = sourcecode.c.h; path = HexTransformer64.h; sourceTree = "<group>"; };
		ADEE6357154D5B1000DCDBFF /* HexTransformer64.m */ = {isa = PBXFileReference; fileEncoding = 4; lastKnownFileType = sourcecode.c.objc; path = HexTransformer64.m; sourceTree = "<group>"; };
		ADEE6359154D5B2E00DCDBFF /* HexTransformer32.h */ = {isa = PBXFileReference; fileEncoding = 4; lastKnownFileType = sourcecode.c.h; path = HexTransformer32.h; sourceTree = "<group>"; };
		ADEE635A154D5B2F00DCDBFF /* HexTransformer32.m */ = {isa = PBXFileReference; fileEncoding = 4; lastKnownFileType = sourcecode.c.objc; path = HexTransformer32.m; sourceTree = "<group>"; };
/* End PBXFileReference section */

/* Begin PBXFrameworksBuildPhase section */
		8D11072E0486CEB800E47090 /* Frameworks */ = {
			isa = PBXFrameworksBuildPhase;
			buildActionMask = 2147483647;
			files = (
				8D11072F0486CEB800E47090 /* Cocoa.framework in Frameworks */,
				000E97F60FFA705D0032029D /* IOKit.framework in Frameworks */,
			);
			runOnlyForDeploymentPostprocessing = 0;
		};
		AD17E4481530F8A6002A5ADC /* Frameworks */ = {
			isa = PBXFrameworksBuildPhase;
			buildActionMask = 2147483647;
			files = (
				AD17E44E1530F8A6002A5ADC /* SenTestingKit.framework in Frameworks */,
				AD17E4501530F8A6002A5ADC /* Cocoa.framework in Frameworks */,
			);
			runOnlyForDeploymentPostprocessing = 0;
		};
/* End PBXFrameworksBuildPhase section */

/* Begin PBXGroup section */
		080E96DDFE201D6D7F000001 /* Classes */ = {
			isa = PBXGroup;
			children = (
				ADEE633D154D243200DCDBFF /* XBeeManager.h */,
				ADEE633E154D243200DCDBFF /* XBeeManager.m */,
				ADEE633F154D243200DCDBFF /* XBee.h */,
				ADEE6340154D243200DCDBFF /* XBee.m */,
				ADEE6338154D242200DCDBFF /* USBSerial */,
				000E973C0FFA6DF30032029D /* SerialExample.h */,
				000E973D0FFA6DF30032029D /* SerialExample.m */,
				AD17E4441530BE8D002A5ADC /* xbee.c */,
				AD17E4461530BE94002A5ADC /* xbee.h */,
				ADEE634D154D2AC000DCDBFF /* xbee_utils.c */,
				ADEE634E154D2AC100DCDBFF /* xbee_utils.h */,
				ADEE6350154D572E00DCDBFF /* HexTransformer.h */,
				ADEE6351154D572F00DCDBFF /* HexTransformer.m */,
				ADEE6353154D5AE600DCDBFF /* HexTransformer16.h */,
				ADEE6354154D5AE700DCDBFF /* HexTransformer16.m */,
				ADEE6356154D5B1000DCDBFF /* HexTransformer64.h */,
				ADEE6357154D5B1000DCDBFF /* HexTransformer64.m */,
				ADEE6359154D5B2E00DCDBFF /* HexTransformer32.h */,
				ADEE635A154D5B2F00DCDBFF /* HexTransformer32.m */,
			);
			name = Classes;
			sourceTree = "<group>";
		};
		1058C7A0FEA54F0111CA2CBB /* Linked Frameworks */ = {
			isa = PBXGroup;
			children = (
				000E97F50FFA705D0032029D /* IOKit.framework */,
				1058C7A1FEA54F0111CA2CBB /* Cocoa.framework */,
			);
			name = "Linked Frameworks";
			sourceTree = "<group>";
		};
		1058C7A2FEA54F0111CA2CBB /* Other Frameworks */ = {
			isa = PBXGroup;
			children = (
				29B97324FDCFA39411CA2CEA /* AppKit.framework */,
				13E42FB307B3F0F600E4EEF1 /* CoreData.framework */,
				29B97325FDCFA39411CA2CEA /* Foundation.framework */,
			);
			name = "Other Frameworks";
			sourceTree = "<group>";
		};
		19C28FACFE9D520D11CA2CBB /* Products */ = {
			isa = PBXGroup;
			children = (
				8D1107320486CEB800E47090 /* XBeeCommunicator.app */,
				AD17E44C1530F8A6002A5ADC /* XBeeTest.octest */,
			);
			name = Products;
			sourceTree = "<group>";
		};
		29B97314FDCFA39411CA2CEA /* Arduino Serial Example */ = {
			isa = PBXGroup;
			children = (
				080E96DDFE201D6D7F000001 /* Classes */,
				29B97315FDCFA39411CA2CEA /* Other Sources */,
				29B97317FDCFA39411CA2CEA /* Resources */,
				AD17E4511530F8A6002A5ADC /* XBeeTest */,
				29B97323FDCFA39411CA2CEA /* Frameworks */,
				19C28FACFE9D520D11CA2CBB /* Products */,
			);
			name = "Arduino Serial Example";
			sourceTree = "<group>";
		};
		29B97315FDCFA39411CA2CEA /* Other Sources */ = {
			isa = PBXGroup;
			children = (
				32CA4F630368D1EE00C91783 /* XBeeCommunicator_Prefix.pch */,
				29B97316FDCFA39411CA2CEA /* main.m */,
			);
			name = "Other Sources";
			sourceTree = "<group>";
		};
		29B97317FDCFA39411CA2CEA /* Resources */ = {
			isa = PBXGroup;
			children = (
				8D1107310486CEB800E47090 /* Info.plist */,
				089C165CFE840E0CC02AAC07 /* InfoPlist.strings */,
				1DDD58140DA1D0A300B32029 /* MainMenu.xib */,
			);
			name = Resources;
			sourceTree = "<group>";
		};
		29B97323FDCFA39411CA2CEA /* Frameworks */ = {
			isa = PBXGroup;
			children = (
				1058C7A0FEA54F0111CA2CBB /* Linked Frameworks */,
				AD17E44D1530F8A6002A5ADC /* SenTestingKit.framework */,
				AD17E44F1530F8A6002A5ADC /* Cocoa.framework */,
				1058C7A2FEA54F0111CA2CBB /* Other Frameworks */,
			);
			name = Frameworks;
			sourceTree = "<group>";
		};
		AD17E4511530F8A6002A5ADC /* XBeeTest */ = {
			isa = PBXGroup;
			children = (
				AD17E4571530F8A6002A5ADC /* XBeeTest.h */,
				AD17E4581530F8A6002A5ADC /* XBeeTest.m */,
				AD17E4521530F8A6002A5ADC /* Supporting Files */,
			);
			path = XBeeTest;
			sourceTree = "<group>";
		};
		AD17E4521530F8A6002A5ADC /* Supporting Files */ = {
			isa = PBXGroup;
			children = (
				AD17E4531530F8A6002A5ADC /* XBeeTest-Info.plist */,
				AD17E4541530F8A6002A5ADC /* InfoPlist.strings */,
				AD17E45A1530F8A6002A5ADC /* XBeeTest-Prefix.pch */,
			);
			name = "Supporting Files";
			sourceTree = "<group>";
		};
		ADEE6338154D242200DCDBFF /* USBSerial */ = {
			isa = PBXGroup;
			children = (
				ADEE6339154D243200DCDBFF /* USBSerialDevice.h */,
				ADEE633A154D243200DCDBFF /* USBSerialDevice.m */,
				ADEE633B154D243200DCDBFF /* USBSerialDeviceManager.h */,
				ADEE633C154D243200DCDBFF /* USBSerialDeviceManager.m */,
				ADEE6341154D243200DCDBFF /* USBDevice.h */,
				ADEE6342154D243200DCDBFF /* USBDevice.m */,
			);
			name = USBSerial;
			sourceTree = "<group>";
		};
/* End PBXGroup section */

/* Begin PBXNativeTarget section */
		8D1107260486CEB800E47090 /* XBeeCommunicator */ = {
			isa = PBXNativeTarget;
			buildConfigurationList = C01FCF4A08A954540054247B /* Build configuration list for PBXNativeTarget "XBeeCommunicator" */;
			buildPhases = (
				8D1107290486CEB800E47090 /* Resources */,
				8D11072C0486CEB800E47090 /* Sources */,
				8D11072E0486CEB800E47090 /* Frameworks */,
			);
			buildRules = (
			);
			dependencies = (
			);
			name = XBeeCommunicator;
			productInstallPath = "$(HOME)/Applications";
			productName = "Arduino Serial Example";
			productReference = 8D1107320486CEB800E47090 /* XBeeCommunicator.app */;
			productType = "com.apple.product-type.application";
		};
		AD17E44B1530F8A6002A5ADC /* XBeeTest */ = {
			isa = PBXNativeTarget;
			buildConfigurationList = AD17E45B1530F8A6002A5ADC /* Build configuration list for PBXNativeTarget "XBeeTest" */;
			buildPhases = (
				AD17E4471530F8A6002A5ADC /* Sources */,
				AD17E4481530F8A6002A5ADC /* Frameworks */,
				AD17E4491530F8A6002A5ADC /* Resources */,
				AD17E44A1530F8A6002A5ADC /* ShellScript */,
			);
			buildRules = (
			);
			dependencies = (
			);
			name = XBeeTest;
			productName = XBeeTest;
			productReference = AD17E44C1530F8A6002A5ADC /* XBeeTest.octest */;
			productType = "com.apple.product-type.bundle";
		};
/* End PBXNativeTarget section */

/* Begin PBXProject section */
		29B97313FDCFA39411CA2CEA /* Project object */ = {
			isa = PBXProject;
			buildConfigurationList = C01FCF4E08A954540054247B /* Build configuration list for PBXProject "XBeeCommunicator" */;
			compatibilityVersion = "Xcode 3.1";
			developmentRegion = English;
			hasScannedForEncodings = 1;
			knownRegions = (
				en,
			);
			mainGroup = 29B97314FDCFA39411CA2CEA /* Arduino Serial Example */;
			projectDirPath = "";
			projectRoot = "";
			targets = (
				8D1107260486CEB800E47090 /* XBeeCommunicator */,
				AD17E44B1530F8A6002A5ADC /* XBeeTest */,
			);
		};
/* End PBXProject section */

/* Begin PBXResourcesBuildPhase section */
		8D1107290486CEB800E47090 /* Resources */ = {
			isa = PBXResourcesBuildPhase;
			buildActionMask = 2147483647;
			files = (
				8D11072B0486CEB800E47090 /* InfoPlist.strings in Resources */,
				1DDD58160DA1D0A300B32029 /* MainMenu.xib in Resources */,
			);
			runOnlyForDeploymentPostprocessing = 0;
		};
		AD17E4491530F8A6002A5ADC /* Resources */ = {
			isa = PBXResourcesBuildPhase;
			buildActionMask = 2147483647;
			files = (
				AD17E4561530F8A6002A5ADC /* InfoPlist.strings in Resources */,
			);
			runOnlyForDeploymentPostprocessing = 0;
		};
/* End PBXResourcesBuildPhase section */

/* Begin PBXShellScriptBuildPhase section */
		AD17E44A1530F8A6002A5ADC /* ShellScript */ = {
			isa = PBXShellScriptBuildPhase;
			buildActionMask = 2147483647;
			files = (
			);
			inputPaths = (
			);
			outputPaths = (
			);
			runOnlyForDeploymentPostprocessing = 0;
			shellPath = /bin/sh;
			shellScript = "# Run the unit tests in this test bundle.\n\"${SYSTEM_DEVELOPER_DIR}/Tools/RunUnitTests\"\n";
		};
/* End PBXShellScriptBuildPhase section */

/* Begin PBXSourcesBuildPhase section */
		8D11072C0486CEB800E47090 /* Sources */ = {
			isa = PBXSourcesBuildPhase;
			buildActionMask = 2147483647;
			files = (
				8D11072D0486CEB800E47090 /* main.m in Sources */,
				000E973E0FFA6DF30032029D /* SerialExample.m in Sources */,
				AD17E4451530BE8D002A5ADC /* xbee.c in Sources */,
				ADEE6343154D243200DCDBFF /* USBSerialDevice.m in Sources */,
				ADEE6345154D243200DCDBFF /* USBSerialDeviceManager.m in Sources */,
				ADEE6347154D243200DCDBFF /* XBeeManager.m in Sources */,
				ADEE6349154D243200DCDBFF /* XBee.m in Sources */,
				ADEE634B154D243200DCDBFF /* USBDevice.m in Sources */,
				ADEE634F154D2AC200DCDBFF /* xbee_utils.c in Sources */,
				ADEE6352154D572F00DCDBFF /* HexTransformer.m in Sources */,
				ADEE6355154D5AE700DCDBFF /* HexTransformer16.m in Sources */,
				ADEE6358154D5B1100DCDBFF /* HexTransformer64.m in Sources */,
				ADEE635B154D5B3000DCDBFF /* HexTransformer32.m in Sources */,
			);
			runOnlyForDeploymentPostprocessing = 0;
		};
		AD17E4471530F8A6002A5ADC /* Sources */ = {
			isa = PBXSourcesBuildPhase;
			buildActionMask = 2147483647;
			files = (
				AD17E4591530F8A6002A5ADC /* XBeeTest.m in Sources */,
				AD17E45E1530FA56002A5ADC /* xbee.c in Sources */,
			);
			runOnlyForDeploymentPostprocessing = 0;
		};
/* End PBXSourcesBuildPhase section */

/* Begin PBXVariantGroup section */
		089C165CFE840E0CC02AAC07 /* InfoPlist.strings */ = {
			isa = PBXVariantGroup;
			children = (
				089C165DFE840E0CC02AAC07 /* English */,
			);
			name = InfoPlist.strings;
			sourceTree = "<group>";
		};
		1DDD58140DA1D0A300B32029 /* MainMenu.xib */ = {
			isa = PBXVariantGroup;
			children = (
				1DDD58150DA1D0A300B32029 /* English */,
			);
			name = MainMenu.xib;
			sourceTree = "<group>";
		};
		AD17E4541530F8A6002A5ADC /* InfoPlist.strings */ = {
			isa = PBXVariantGroup;
			children = (
				AD17E4551530F8A6002A5ADC /* en */,
			);
			name = InfoPlist.strings;
			sourceTree = "<group>";
		};
/* End PBXVariantGroup section */

/* Begin XCBuildConfiguration section */
		AD17E45C1530F8A6002A5ADC /* Debug */ = {
			isa = XCBuildConfiguration;
			buildSettings = {
				ALWAYS_SEARCH_USER_PATHS = NO;
				ARCHS = "$(ARCHS_STANDARD_64_BIT)";
				COPY_PHASE_STRIP = NO;
				FRAMEWORK_SEARCH_PATHS = "$(DEVELOPER_LIBRARY_DIR)/Frameworks";
				GCC_C_LANGUAGE_STANDARD = gnu99;
				GCC_DYNAMIC_NO_PIC = NO;
				GCC_ENABLE_OBJC_EXCEPTIONS = YES;
				GCC_PRECOMPILE_PREFIX_HEADER = YES;
				GCC_PREFIX_HEADER = "XBeeTest/XBeeTest-Prefix.pch";
				GCC_PREPROCESSOR_DEFINITIONS = (
					"DEBUG=1",
					"$(inherited)",
				);
				GCC_SYMBOLS_PRIVATE_EXTERN = NO;
				GCC_VERSION = com.apple.compilers.llvm.clang.1_0;
				GCC_WARN_64_TO_32_BIT_CONVERSION = YES;
				GCC_WARN_UNINITIALIZED_AUTOS = YES;
				INFOPLIST_FILE = "XBeeTest/XBeeTest-Info.plist";
				MACOSX_DEPLOYMENT_TARGET = 10.7;
				PRODUCT_NAME = "$(TARGET_NAME)";
				SDKROOT = macosx;
				WRAPPER_EXTENSION = octest;
			};
			name = Debug;
		};
		AD17E45D1530F8A6002A5ADC /* Release */ = {
			isa = XCBuildConfiguration;
			buildSettings = {
				ALWAYS_SEARCH_USER_PATHS = NO;
				ARCHS = "$(ARCHS_STANDARD_64_BIT)";
				COPY_PHASE_STRIP = YES;
				DEBUG_INFORMATION_FORMAT = "dwarf-with-dsym";
				FRAMEWORK_SEARCH_PATHS = "$(DEVELOPER_LIBRARY_DIR)/Frameworks";
				GCC_C_LANGUAGE_STANDARD = gnu99;
				GCC_ENABLE_OBJC_EXCEPTIONS = YES;
				GCC_PRECOMPILE_PREFIX_HEADER = YES;
				GCC_PREFIX_HEADER = "XBeeTest/XBeeTest-Prefix.pch";
				GCC_VERSION = com.apple.compilers.llvm.clang.1_0;
				GCC_WARN_64_TO_32_BIT_CONVERSION = YES;
				GCC_WARN_UNINITIALIZED_AUTOS = YES;
				INFOPLIST_FILE = "XBeeTest/XBeeTest-Info.plist";
				MACOSX_DEPLOYMENT_TARGET = 10.7;
				PRODUCT_NAME = "$(TARGET_NAME)";
				SDKROOT = macosx;
				WRAPPER_EXTENSION = octest;
			};
			name = Release;
		};
		C01FCF4B08A954540054247B /* Debug */ = {
			isa = XCBuildConfiguration;
			buildSettings = {
				ALWAYS_SEARCH_USER_PATHS = NO;
				ARCHS = "$(NATIVE_ARCH_ACTUAL)";
				COPY_PHASE_STRIP = NO;
				GCC_C_LANGUAGE_STANDARD = gnu99;
				GCC_DYNAMIC_NO_PIC = NO;
				GCC_ENABLE_FIX_AND_CONTINUE = YES;
				GCC_MODEL_TUNING = G5;
				GCC_OPTIMIZATION_LEVEL = 0;
				GCC_PRECOMPILE_PREFIX_HEADER = YES;
				GCC_PREFIX_HEADER = XBeeCommunicator_Prefix.pch;
				GCC_VERSION = "";
				INFOPLIST_FILE = Info.plist;
				INSTALL_PATH = "$(HOME)/Applications";
				PRODUCT_NAME = XBeeCommunicator;
				SDKROOT = macosx;
			};
			name = Debug;
		};
		C01FCF4C08A954540054247B /* Release */ = {
			isa = XCBuildConfiguration;
			buildSettings = {
				ALWAYS_SEARCH_USER_PATHS = NO;
				ARCHS = "$(NATIVE_ARCH_ACTUAL)";
				DEBUG_INFORMATION_FORMAT = "dwarf-with-dsym";
				GCC_C_LANGUAGE_STANDARD = gnu99;
				GCC_MODEL_TUNING = G5;
				GCC_PRECOMPILE_PREFIX_HEADER = YES;
				GCC_PREFIX_HEADER = XBeeCommunicator_Prefix.pch;
				GCC_VERSION = "";
				INFOPLIST_FILE = Info.plist;
				INSTALL_PATH = "$(HOME)/Applications";
				PRODUCT_NAME = XBeeCommunicator;
				SDKROOT = macosx;
			};
			name = Release;
		};
		C01FCF4F08A954540054247B /* Debug */ = {
			isa = XCBuildConfiguration;
			buildSettings = {
				ARCHS = "$(ARCHS_STANDARD_32_BIT)";
				GCC_C_LANGUAGE_STANDARD = c99;
				GCC_OPTIMIZATION_LEVEL = 0;
				GCC_WARN_ABOUT_RETURN_TYPE = YES;
				GCC_WARN_UNUSED_VARIABLE = YES;
				ONLY_ACTIVE_ARCH = YES;
				PREBINDING = NO;
				SDKROOT = macosx10.5;
			};
			name = Debug;
		};
		C01FCF5008A954540054247B /* Release */ = {
			isa = XCBuildConfiguration;
			buildSettings = {
				ARCHS = "$(ARCHS_STANDARD_32_BIT)";
				GCC_C_LANGUAGE_STANDARD = c99;
				GCC_WARN_ABOUT_RETURN_TYPE = YES;
				GCC_WARN_UNUSED_VARIABLE = YES;
				PREBINDING = NO;
				SDKROOT = macosx10.5;
			};
			name = Release;
		};
/* End XCBuildConfiguration section */

/* Begin XCConfigurationList section */
		AD17E45B1530F8A6002A5ADC /* Build configuration list for PBXNativeTarget "XBeeTest" */ = {
			isa = XCConfigurationList;
			buildConfigurations = (
				AD17E45C1530F8A6002A5ADC /* Debug */,
				AD17E45D1530F8A6002A5ADC /* Release */,
			);
			defaultConfigurationIsVisible = 0;
			defaultConfigurationName = Release;
		};
		C01FCF4A08A954540054247B /* Build configuration list for PBXNativeTarget "XBeeCommunicator" */ = {
			isa = XCConfigurationList;
			buildConfigurations = (
				C01FCF4B08A954540054247B /* Debug */,
				C01FCF4C08A954540054247B /* Release */,
			);
			defaultConfigurationIsVisible = 0;
			defaultConfigurationName = Release;
		};
		C01FCF4E08A954540054247B /* Build configuration list for PBXProject "XBeeCommunicator" */ = {
			isa = XCConfigurationList;
			buildConfigurations = (
				C01FCF4F08A954540054247B /* Debug */,
				C01FCF5008A954540054247B /* Release */,
			);
			defaultConfigurationIsVisible = 0;
			defaultConfigurationName = Release;
		};
/* End XCConfigurationList section */
	};
	rootObject = 29B97313FDCFA39411CA2CEA /* Project object */;
}
